
Microsoft Visual Studio Solution File, Format Version 12.00
# Visual Studio Version 17
VisualStudioVersion = 17.10.34916.146
MinimumVisualStudioVersion = 10.0.40219.1
Project("{9A19103F-16F7-4668-BE54-9A1E7A4F7556}") = "ContactManager", "ContactManager\ContactManager.csproj", "{DAEA48BD-E723-40EF-AD42-CE7504936CE2}"
EndProject
Project("{E53339B2-1760-4266-BCC7-CA923CBCF16C}") = "docker-compose", "docker-compose.dcproj", "{745D5AB8-2270-4A4D-81DE-1C0C1B8741DE}"
EndProject
Global
	GlobalSection(SolutionConfigurationPlatforms) = preSolution
		Debug|Any CPU = Debug|Any CPU
		Release|Any CPU = Release|Any CPU
	EndGlobalSection
	GlobalSection(ProjectConfigurationPlatforms) = postSolution
		{DAEA48BD-E723-40EF-AD42-CE7504936CE2}.Debug|Any CPU.ActiveCfg = Debug|Any CPU
		{DAEA48BD-E723-40EF-AD42-CE7504936CE2}.Debug|Any CPU.Build.0 = Debug|Any CPU
		{DAEA48BD-E723-40EF-AD42-CE7504936CE2}.Release|Any CPU.ActiveCfg = Release|Any CPU
		{DAEA48BD-E723-40EF-AD42-CE7504936CE2}.Release|Any CPU.Build.0 = Release|Any CPU
		{745D5AB8-2270-4A4D-81DE-1C0C1B8741DE}.Debug|Any CPU.ActiveCfg = Debug|Any CPU
		{745D5AB8-2270-4A4D-81DE-1C0C1B8741DE}.Debug|Any CPU.Build.0 = Debug|Any CPU
		{745D5AB8-2270-4A4D-81DE-1C0C1B8741DE}.Release|Any CPU.ActiveCfg = Release|Any CPU
		{745D5AB8-2270-4A4D-81DE-1C0C1B8741DE}.Release|Any CPU.Build.0 = Release|Any CPU
	EndGlobalSection
	GlobalSection(SolutionProperties) = preSolution
		HideSolutionNode = FALSE
	EndGlobalSection
	GlobalSection(ExtensibilityGlobals) = postSolution
		SolutionGuid = {46E2F3AC-FE6F-446B-B02D-D59156CD0874}
	EndGlobalSection
EndGlobal
